// !$*UTF8*$!
{
	archiveVersion = 1;
	classes = {
	};
	objectVersion = 46;
	objects = {

/* Begin PBXAggregateTarget section */
		DA9BAA9F133D1A5D0044882F /* Couchbase Server Zip */ = {
			isa = PBXAggregateTarget;
			buildConfigurationList = DA9BAAA2133D1A5D0044882F /* Build configuration list for PBXAggregateTarget "Couchbase Server Zip" */;
			buildPhases = (
				DA9BAAA6133D1A670044882F /* Zip it up */,
				E8C114AE14A8BE97004C42BE /* Create a dmg */,
			);
			dependencies = (
				DA9BAAA5133D1A620044882F /* PBXTargetDependency */,
			);
			name = "Couchbase Server Zip";
			productName = Zip;
		};
/* End PBXAggregateTarget section */

/* Begin PBXBuildFile section */
		DA0FF0B51339A4B600B9E4DE /* install-couchbase.sh in Resources */ = {isa = PBXBuildFile; fileRef = DA0FF0B41339A4B600B9E4DE /* install-couchbase.sh */; };
		DA28356E13392962009A4AEF /* Cocoa.framework in Frameworks */ = {isa = PBXBuildFile; fileRef = DA28356D13392962009A4AEF /* Cocoa.framework */; };
		DA28357813392962009A4AEF /* InfoPlist.strings in Resources */ = {isa = PBXBuildFile; fileRef = DA28357613392962009A4AEF /* InfoPlist.strings */; };
		DA28357B13392962009A4AEF /* main.m in Sources */ = {isa = PBXBuildFile; fileRef = DA28357A13392962009A4AEF /* main.m */; };
		DA28358113392962009A4AEF /* MembaseAppDelegate.m in Sources */ = {isa = PBXBuildFile; fileRef = DA28358013392962009A4AEF /* MembaseAppDelegate.m */; };
		DA28358413392962009A4AEF /* MainMenu.xib in Resources */ = {isa = PBXBuildFile; fileRef = DA28358213392962009A4AEF /* MainMenu.xib */; };
		DA28358B13392962009A4AEF /* Cocoa.framework in Frameworks */ = {isa = PBXBuildFile; fileRef = DA28356D13392962009A4AEF /* Cocoa.framework */; };
		DA28359313392962009A4AEF /* InfoPlist.strings in Resources */ = {isa = PBXBuildFile; fileRef = DA28359113392962009A4AEF /* InfoPlist.strings */; };
		DA28359613392962009A4AEF /* MembaseTests.h in Resources */ = {isa = PBXBuildFile; fileRef = DA28359513392962009A4AEF /* MembaseTests.h */; };
		DA28359813392962009A4AEF /* MembaseTests.m in Sources */ = {isa = PBXBuildFile; fileRef = DA28359713392962009A4AEF /* MembaseTests.m */; };
		DA379BED13393242008B7BBC /* Credits.html in Resources */ = {isa = PBXBuildFile; fileRef = DA379BEC13393242008B7BBC /* Credits.html */; };
		DA61C6D8133AFA770095F5CF /* LoginItemManager.m in Sources */ = {isa = PBXBuildFile; fileRef = DA61C6D7133AFA770095F5CF /* LoginItemManager.m */; };
		DA68B83A138F87C900F279B9 /* Sparkle.framework in Frameworks */ = {isa = PBXBuildFile; fileRef = DA68B839138F87C900F279B9 /* Sparkle.framework */; };
		DA7620051339DC3E0062715D /* Couchbase-Status-shutdown.png in Resources */ = {isa = PBXBuildFile; fileRef = DA7620041339DC3E0062715D /* Couchbase-Status-shutdown.png */; };
		DA780775138F8919007E3ECB /* dsa_pub.pem in Resources */ = {isa = PBXBuildFile; fileRef = DA780774138F8919007E3ECB /* dsa_pub.pem */; };
		DACBE494138F8A430004D86A /* Sparkle.framework in Install Sparkle */ = {isa = PBXBuildFile; fileRef = DA68B839138F87C900F279B9 /* Sparkle.framework */; };
		E8203EA8148B64C000941BC5 /* Couchbase Server.icns in Resources */ = {isa = PBXBuildFile; fileRef = E8203EA7148B63A700941BC5 /* Couchbase Server.icns */; };
		E8203EA9148B64C100941BC5 /* Couchbase-Status-shutdown-bw.png in Resources */ = {isa = PBXBuildFile; fileRef = E8203EA0148997DF00941BC5 /* Couchbase-Status-shutdown-bw.png */; };
		E8203EAA148B64C100941BC5 /* Couchbase-Status-bw.png in Resources */ = {isa = PBXBuildFile; fileRef = E8203E9D1489964200941BC5 /* Couchbase-Status-bw.png */; };
		E8203EAB148B64C100941BC5 /* Couchbase-Status.png in Resources */ = {isa = PBXBuildFile; fileRef = E8203E9E1489964200941BC5 /* Couchbase-Status.png */; };
		E86DFE4514B74C720084AA7E /* LICENSE.txt in Resources */ = {isa = PBXBuildFile; fileRef = E86DFE4114B74C500084AA7E /* LICENSE.txt */; };
/* End PBXBuildFile section */

/* Begin PBXContainerItemProxy section */
		DA28358C13392962009A4AEF /* PBXContainerItemProxy */ = {
			isa = PBXContainerItemProxy;
			containerPortal = DA28356013392961009A4AEF /* Project object */;
			proxyType = 1;
			remoteGlobalIDString = DA28356813392962009A4AEF;
			remoteInfo = Membase;
		};
		DA9BAAA4133D1A620044882F /* PBXContainerItemProxy */ = {
			isa = PBXContainerItemProxy;
			containerPortal = DA28356013392961009A4AEF /* Project object */;
			proxyType = 1;
			remoteGlobalIDString = DA28356813392962009A4AEF;
			remoteInfo = Membase;
		};
/* End PBXContainerItemProxy section */

/* Begin PBXCopyFilesBuildPhase section */
		DACBE492138F8A1F0004D86A /* Install Sparkle */ = {
			isa = PBXCopyFilesBuildPhase;
			buildActionMask = 2147483647;
			dstPath = "";
			dstSubfolderSpec = 10;
			files = (
				DACBE494138F8A430004D86A /* Sparkle.framework in Install Sparkle */,
			);
			name = "Install Sparkle";
			runOnlyForDeploymentPostprocessing = 0;
		};
/* End PBXCopyFilesBuildPhase section */

/* Begin PBXFileReference section */
		DA0FF0B41339A4B600B9E4DE /* install-couchbase.sh */ = {isa = PBXFileReference; fileEncoding = 4; lastKnownFileType = text.script.sh; path = "install-couchbase.sh"; sourceTree = "<group>"; };
		DA28356913392962009A4AEF /* Couchbase Server.app */ = {isa = PBXFileReference; explicitFileType = wrapper.application; includeInIndex = 0; path = "Couchbase Server.app"; sourceTree = BUILT_PRODUCTS_DIR; };
		DA28356D13392962009A4AEF /* Cocoa.framework */ = {isa = PBXFileReference; lastKnownFileType = wrapper.framework; name = Cocoa.framework; path = System/Library/Frameworks/Cocoa.framework; sourceTree = SDKROOT; };
		DA28357013392962009A4AEF /* AppKit.framework */ = {isa = PBXFileReference; lastKnownFileType = wrapper.framework; name = AppKit.framework; path = System/Library/Frameworks/AppKit.framework; sourceTree = SDKROOT; };
		DA28357113392962009A4AEF /* CoreData.framework */ = {isa = PBXFileReference; lastKnownFileType = wrapper.framework; name = CoreData.framework; path = System/Library/Frameworks/CoreData.framework; sourceTree = SDKROOT; };
		DA28357213392962009A4AEF /* Foundation.framework */ = {isa = PBXFileReference; lastKnownFileType = wrapper.framework; name = Foundation.framework; path = System/Library/Frameworks/Foundation.framework; sourceTree = SDKROOT; };
		DA28357513392962009A4AEF /* Membase-Info.plist */ = {isa = PBXFileReference; lastKnownFileType = text.plist.xml; path = "Membase-Info.plist"; sourceTree = "<group>"; };
		DA28357713392962009A4AEF /* en */ = {isa = PBXFileReference; lastKnownFileType = text.plist.strings; name = en; path = en.lproj/InfoPlist.strings; sourceTree = "<group>"; };
		DA28357913392962009A4AEF /* Membase-Prefix.pch */ = {isa = PBXFileReference; lastKnownFileType = sourcecode.c.h; path = "Membase-Prefix.pch"; sourceTree = "<group>"; };
		DA28357A13392962009A4AEF /* main.m */ = {isa = PBXFileReference; lastKnownFileType = sourcecode.c.objc; path = main.m; sourceTree = "<group>"; };
		DA28357F13392962009A4AEF /* MembaseAppDelegate.h */ = {isa = PBXFileReference; lastKnownFileType = sourcecode.c.h; path = MembaseAppDelegate.h; sourceTree = "<group>"; };
		DA28358013392962009A4AEF /* MembaseAppDelegate.m */ = {isa = PBXFileReference; lastKnownFileType = sourcecode.c.objc; path = MembaseAppDelegate.m; sourceTree = "<group>"; };
		DA28358313392962009A4AEF /* en */ = {isa = PBXFileReference; lastKnownFileType = file.xib; name = en; path = en.lproj/MainMenu.xib; sourceTree = "<group>"; };
		DA28358A13392962009A4AEF /* MembaseTests.octest */ = {isa = PBXFileReference; explicitFileType = wrapper.cfbundle; includeInIndex = 0; path = MembaseTests.octest; sourceTree = BUILT_PRODUCTS_DIR; };
		DA28359013392962009A4AEF /* MembaseTests-Info.plist */ = {isa = PBXFileReference; lastKnownFileType = text.plist.xml; path = "MembaseTests-Info.plist"; sourceTree = "<group>"; };
		DA28359213392962009A4AEF /* en */ = {isa = PBXFileReference; lastKnownFileType = text.plist.strings; name = en; path = en.lproj/InfoPlist.strings; sourceTree = "<group>"; };
		DA28359413392962009A4AEF /* MembaseTests-Prefix.pch */ = {isa = PBXFileReference; lastKnownFileType = sourcecode.c.h; path = "MembaseTests-Prefix.pch"; sourceTree = "<group>"; };
		DA28359513392962009A4AEF /* MembaseTests.h */ = {isa = PBXFileReference; lastKnownFileType = sourcecode.c.h; path = MembaseTests.h; sourceTree = "<group>"; };
		DA28359713392962009A4AEF /* MembaseTests.m */ = {isa = PBXFileReference; lastKnownFileType = sourcecode.c.objc; path = MembaseTests.m; sourceTree = "<group>"; };
		DA379BEC13393242008B7BBC /* Credits.html */ = {isa = PBXFileReference; fileEncoding = 4; lastKnownFileType = text.html; path = Credits.html; sourceTree = "<group>"; };
		DA61C6D6133AFA770095F5CF /* LoginItemManager.h */ = {isa = PBXFileReference; fileEncoding = 4; lastKnownFileType = sourcecode.c.h; path = LoginItemManager.h; sourceTree = "<group>"; };
		DA61C6D7133AFA770095F5CF /* LoginItemManager.m */ = {isa = PBXFileReference; fileEncoding = 4; lastKnownFileType = sourcecode.c.objc; path = LoginItemManager.m; sourceTree = "<group>"; };
		DA68B839138F87C900F279B9 /* Sparkle.framework */ = {isa = PBXFileReference; lastKnownFileType = wrapper.framework; path = Sparkle.framework; sourceTree = "<group>"; };
		DA6E2729138F7A4B006A9E64 /* start.sh */ = {isa = PBXFileReference; fileEncoding = 4; lastKnownFileType = text.script.sh; path = start.sh; sourceTree = "<group>"; };
		DA7620041339DC3E0062715D /* Couchbase-Status-shutdown.png */ = {isa = PBXFileReference; lastKnownFileType = image.png; path = "Couchbase-Status-shutdown.png"; sourceTree = "<group>"; };
		DA780774138F8919007E3ECB /* dsa_pub.pem */ = {isa = PBXFileReference; fileEncoding = 4; lastKnownFileType = text; path = dsa_pub.pem; sourceTree = "<group>"; };
		E8203E9D1489964200941BC5 /* Couchbase-Status-bw.png */ = {isa = PBXFileReference; lastKnownFileType = image.png; path = "Couchbase-Status-bw.png"; sourceTree = "<group>"; };
		E8203E9E1489964200941BC5 /* Couchbase-Status.png */ = {isa = PBXFileReference; lastKnownFileType = image.png; path = "Couchbase-Status.png"; sourceTree = "<group>"; };
		E8203EA0148997DF00941BC5 /* Couchbase-Status-shutdown-bw.png */ = {isa = PBXFileReference; lastKnownFileType = image.png; path = "Couchbase-Status-shutdown-bw.png"; sourceTree = "<group>"; };
		E8203EA7148B63A700941BC5 /* Couchbase Server.icns */ = {isa = PBXFileReference; lastKnownFileType = image.icns; path = "Couchbase Server.icns"; sourceTree = "<group>"; };
		E86DFE4014B74C500084AA7E /* dmg-background.png */ = {isa = PBXFileReference; lastKnownFileType = image.png; name = "dmg-background.png"; path = "makedmg/dmg-background.png"; sourceTree = SOURCE_ROOT; };
		E86DFE4114B74C500084AA7E /* LICENSE.txt */ = {isa = PBXFileReference; fileEncoding = 4; lastKnownFileType = text; name = LICENSE.txt; path = makedmg/LICENSE.txt; sourceTree = SOURCE_ROOT; };
		E86DFE4214B74C500084AA7E /* makedmg.sh */ = {isa = PBXFileReference; fileEncoding = 4; lastKnownFileType = text.script.sh; name = makedmg.sh; path = makedmg/makedmg.sh; sourceTree = SOURCE_ROOT; };
		E86DFE4314B74C500084AA7E /* README.txt */ = {isa = PBXFileReference; fileEncoding = 4; lastKnownFileType = text; name = README.txt; path = makedmg/README.txt; sourceTree = SOURCE_ROOT; };
		E86DFE4414B74C500084AA7E /* setviewoptions.applescript */ = {isa = PBXFileReference; fileEncoding = 4; lastKnownFileType = sourcecode.applescript; name = setviewoptions.applescript; path = makedmg/setviewoptions.applescript; sourceTree = SOURCE_ROOT; };
/* End PBXFileReference section */

/* Begin PBXFrameworksBuildPhase section */
		DA28356613392962009A4AEF /* Frameworks */ = {
			isa = PBXFrameworksBuildPhase;
			buildActionMask = 2147483647;
			files = (
				DA28356E13392962009A4AEF /* Cocoa.framework in Frameworks */,
				DA68B83A138F87C900F279B9 /* Sparkle.framework in Frameworks */,
			);
			runOnlyForDeploymentPostprocessing = 0;
		};
		DA28358613392962009A4AEF /* Frameworks */ = {
			isa = PBXFrameworksBuildPhase;
			buildActionMask = 2147483647;
			files = (
				DA28358B13392962009A4AEF /* Cocoa.framework in Frameworks */,
			);
			runOnlyForDeploymentPostprocessing = 0;
		};
/* End PBXFrameworksBuildPhase section */

/* Begin PBXGroup section */
		DA28355E13392961009A4AEF = {
			isa = PBXGroup;
			children = (
				DA28357313392962009A4AEF /* Membase */,
				DA28358E13392962009A4AEF /* MembaseTests */,
				DA28356C13392962009A4AEF /* Frameworks */,
				DA28356A13392962009A4AEF /* Products */,
			);
			sourceTree = "<group>";
		};
		DA28356A13392962009A4AEF /* Products */ = {
			isa = PBXGroup;
			children = (
				DA28356913392962009A4AEF /* Couchbase Server.app */,
				DA28358A13392962009A4AEF /* MembaseTests.octest */,
			);
			name = Products;
			sourceTree = "<group>";
		};
		DA28356C13392962009A4AEF /* Frameworks */ = {
			isa = PBXGroup;
			children = (
				DA28356D13392962009A4AEF /* Cocoa.framework */,
				DA28356F13392962009A4AEF /* Other Frameworks */,
			);
			name = Frameworks;
			sourceTree = "<group>";
		};
		DA28356F13392962009A4AEF /* Other Frameworks */ = {
			isa = PBXGroup;
			children = (
				DA68B839138F87C900F279B9 /* Sparkle.framework */,
				DA28357013392962009A4AEF /* AppKit.framework */,
				DA28357113392962009A4AEF /* CoreData.framework */,
				DA28357213392962009A4AEF /* Foundation.framework */,
			);
			name = "Other Frameworks";
			sourceTree = "<group>";
		};
		DA28357313392962009A4AEF /* Membase */ = {
			isa = PBXGroup;
			children = (
				DA61C6D6133AFA770095F5CF /* LoginItemManager.h */,
				DA61C6D7133AFA770095F5CF /* LoginItemManager.m */,
				DA28357F13392962009A4AEF /* MembaseAppDelegate.h */,
				DA28358013392962009A4AEF /* MembaseAppDelegate.m */,
				DA28358213392962009A4AEF /* MainMenu.xib */,
				DA28357413392962009A4AEF /* Supporting Files */,
			);
			path = Membase;
			sourceTree = "<group>";
		};
		DA28357413392962009A4AEF /* Supporting Files */ = {
			isa = PBXGroup;
			children = (
				E86DFE4014B74C500084AA7E /* dmg-background.png */,
				E86DFE4114B74C500084AA7E /* LICENSE.txt */,
				E86DFE4214B74C500084AA7E /* makedmg.sh */,
				E86DFE4314B74C500084AA7E /* README.txt */,
				E86DFE4414B74C500084AA7E /* setviewoptions.applescript */,
				E8203EA7148B63A700941BC5 /* Couchbase Server.icns */,
				E8203EA0148997DF00941BC5 /* Couchbase-Status-shutdown-bw.png */,
				E8203E9D1489964200941BC5 /* Couchbase-Status-bw.png */,
				E8203E9E1489964200941BC5 /* Couchbase-Status.png */,
				DA780774138F8919007E3ECB /* dsa_pub.pem */,
				DA6E2729138F7A4B006A9E64 /* start.sh */,
				DA7620041339DC3E0062715D /* Couchbase-Status-shutdown.png */,
				DA379BEC13393242008B7BBC /* Credits.html */,
				DA28357513392962009A4AEF /* Membase-Info.plist */,
				DA28357613392962009A4AEF /* InfoPlist.strings */,
				DA28357913392962009A4AEF /* Membase-Prefix.pch */,
				DA28357A13392962009A4AEF /* main.m */,
				DA0FF0B41339A4B600B9E4DE /* install-couchbase.sh */,
			);
			name = "Supporting Files";
			sourceTree = "<group>";
		};
		DA28358E13392962009A4AEF /* MembaseTests */ = {
			isa = PBXGroup;
			children = (
				DA28359513392962009A4AEF /* MembaseTests.h */,
				DA28359713392962009A4AEF /* MembaseTests.m */,
				DA28358F13392962009A4AEF /* Supporting Files */,
			);
			path = MembaseTests;
			sourceTree = "<group>";
		};
		DA28358F13392962009A4AEF /* Supporting Files */ = {
			isa = PBXGroup;
			children = (
				DA28359013392962009A4AEF /* MembaseTests-Info.plist */,
				DA28359113392962009A4AEF /* InfoPlist.strings */,
				DA28359413392962009A4AEF /* MembaseTests-Prefix.pch */,
			);
			name = "Supporting Files";
			sourceTree = "<group>";
		};
/* End PBXGroup section */

/* Begin PBXNativeTarget section */
		DA28356813392962009A4AEF /* Couchbase Server */ = {
			isa = PBXNativeTarget;
			buildConfigurationList = DA28359B13392962009A4AEF /* Build configuration list for PBXNativeTarget "Couchbase Server" */;
			buildPhases = (
				DA28356513392962009A4AEF /* Sources */,
				DA28356613392962009A4AEF /* Frameworks */,
				DACBE492138F8A1F0004D86A /* Install Sparkle */,
				DA28356713392962009A4AEF /* Resources */,
				DA0FF09B13399B0D00B9E4DE /* Install Erlang */,
				DA0FF0B31339A49300B9E4DE /* Install Membase */,
			);
			buildRules = (
			);
			dependencies = (
			);
			name = "Couchbase Server";
			productName = Membase;
			productReference = DA28356913392962009A4AEF /* Couchbase Server.app */;
			productType = "com.apple.product-type.application";
		};
		DA28358913392962009A4AEF /* MembaseTests */ = {
			isa = PBXNativeTarget;
			buildConfigurationList = DA28359E13392962009A4AEF /* Build configuration list for PBXNativeTarget "MembaseTests" */;
			buildPhases = (
				DA28358513392962009A4AEF /* Sources */,
				DA28358613392962009A4AEF /* Frameworks */,
				DA28358713392962009A4AEF /* Resources */,
				DA28358813392962009A4AEF /* ShellScript */,
			);
			buildRules = (
			);
			dependencies = (
				DA28358D13392962009A4AEF /* PBXTargetDependency */,
			);
			name = MembaseTests;
			productName = MembaseTests;
			productReference = DA28358A13392962009A4AEF /* MembaseTests.octest */;
			productType = "com.apple.product-type.bundle";
		};
/* End PBXNativeTarget section */

/* Begin PBXProject section */
		DA28356013392961009A4AEF /* Project object */ = {
			isa = PBXProject;
			attributes = {
				LastUpgradeCheck = 0420;
				ORGANIZATIONNAME = Couchbase;
			};
			buildConfigurationList = DA28356313392961009A4AEF /* Build configuration list for PBXProject "Couchbase Server" */;
			compatibilityVersion = "Xcode 3.2";
			developmentRegion = English;
			hasScannedForEncodings = 0;
			knownRegions = (
				en,
			);
			mainGroup = DA28355E13392961009A4AEF;
			productRefGroup = DA28356A13392962009A4AEF /* Products */;
			projectDirPath = "";
			projectRoot = "";
			targets = (
				DA9BAA9F133D1A5D0044882F /* Couchbase Server Zip */,
				DA28356813392962009A4AEF /* Couchbase Server */,
				DA28358913392962009A4AEF /* MembaseTests */,
			);
		};
/* End PBXProject section */

/* Begin PBXResourcesBuildPhase section */
		DA28356713392962009A4AEF /* Resources */ = {
			isa = PBXResourcesBuildPhase;
			buildActionMask = 2147483647;
			files = (
				E86DFE4514B74C720084AA7E /* LICENSE.txt in Resources */,
				E8203EA8148B64C000941BC5 /* Couchbase Server.icns in Resources */,
				E8203EA9148B64C100941BC5 /* Couchbase-Status-shutdown-bw.png in Resources */,
				E8203EAA148B64C100941BC5 /* Couchbase-Status-bw.png in Resources */,
				E8203EAB148B64C100941BC5 /* Couchbase-Status.png in Resources */,
				DA28357813392962009A4AEF /* InfoPlist.strings in Resources */,
				DA28358413392962009A4AEF /* MainMenu.xib in Resources */,
				DA379BED13393242008B7BBC /* Credits.html in Resources */,
				DA0FF0B51339A4B600B9E4DE /* install-couchbase.sh in Resources */,
				DA7620051339DC3E0062715D /* Couchbase-Status-shutdown.png in Resources */,
				DA780775138F8919007E3ECB /* dsa_pub.pem in Resources */,
			);
			runOnlyForDeploymentPostprocessing = 0;
		};
		DA28358713392962009A4AEF /* Resources */ = {
			isa = PBXResourcesBuildPhase;
			buildActionMask = 2147483647;
			files = (
				DA28359313392962009A4AEF /* InfoPlist.strings in Resources */,
				DA28359613392962009A4AEF /* MembaseTests.h in Resources */,
			);
			runOnlyForDeploymentPostprocessing = 0;
		};
/* End PBXResourcesBuildPhase section */

/* Begin PBXShellScriptBuildPhase section */
		DA0FF09B13399B0D00B9E4DE /* Install Erlang */ = {
			isa = PBXShellScriptBuildPhase;
			buildActionMask = 2147483647;
			files = (
			);
			inputPaths = (
			);
			name = "Install Erlang";
			outputPaths = (
			);
			runOnlyForDeploymentPostprocessing = 0;
			shellPath = /bin/sh;
			shellScript = "VER=\"R14B03-OSX-10.6.8\"\nFN=\"erlang-$VER.tgz\"\nURL=\"http://downloads.northscale.com/builddeps/$FN\"\n\ndest=\"$BUILT_PRODUCTS_DIR/$UNLOCALIZED_RESOURCES_FOLDER_PATH/couchbase-core\"\nmkdir -p \"$dest\"\n\ntest -f \"$FN\" || curl -sfO \"$URL\"\n\ncd \"$dest\"\ngzip -dc \"$PROJECT_DIR/$FN\" | tar xf -\necho \"Installed erlang $VER into $dest\"";
		};
		DA0FF0B31339A49300B9E4DE /* Install Membase */ = {
			isa = PBXShellScriptBuildPhase;
			buildActionMask = 2147483647;
			files = (
			);
			inputPaths = (
				"$(SRCROOT)/Membase/install-couchbase.sh",
			);
			name = "Install Membase";
			outputPaths = (
			);
			runOnlyForDeploymentPostprocessing = 0;
			shellPath = /bin/sh;
			shellScript = "exec \"$SCRIPT_INPUT_FILE_0\"\n";
		};
		DA28358813392962009A4AEF /* ShellScript */ = {
			isa = PBXShellScriptBuildPhase;
			buildActionMask = 2147483647;
			files = (
			);
			inputPaths = (
			);
			outputPaths = (
			);
			runOnlyForDeploymentPostprocessing = 0;
			shellPath = /bin/sh;
			shellScript = "# Run the unit tests in this test bundle.\n\"${SYSTEM_DEVELOPER_DIR}/Tools/RunUnitTests\"\n";
		};
		DA9BAAA6133D1A670044882F /* Zip it up */ = {
			isa = PBXShellScriptBuildPhase;
			buildActionMask = 2147483647;
			files = (
			);
			inputPaths = (
			);
			name = "Zip it up";
			outputPaths = (
			);
			runOnlyForDeploymentPostprocessing = 0;
			shellPath = /bin/sh;
			shellScript = "cd \"$BUILT_PRODUCTS_DIR\"\nV=$(/usr/libexec/PlistBuddy \"$PROJECT_NAME.app/Contents/Info.plist\" -c 'Print CFBundleVersion')\nditto -ck --keepParent \"$PROJECT_NAME.app\" \"$PROJECT_NAME-$V.zip\"\n";
		};
		E8C114AE14A8BE97004C42BE /* Create a dmg */ = {
			isa = PBXShellScriptBuildPhase;
			buildActionMask = 2147483647;
			files = (
			);
			inputPaths = (
			);
			name = "Create a dmg";
			outputPaths = (
			);
			runOnlyForDeploymentPostprocessing = 0;
			shellPath = /bin/sh;
			shellScript = "cd \"$BUILT_PRODUCTS_DIR\"\nV=$(/usr/libexec/PlistBuddy \"$PROJECT_NAME.app/Contents/Info.plist\" -c 'Print CFBundleVersion')\ncp -rf $SRCROOT/makedmg/* .\ncp -f \"$SRCROOT/Membase/Couchbase Server.icns\" .\n./makedmg.sh \"Couchbase Server-$V.dmg\" \"Couchbase Server.app\" \"Couchbase Server\" dmg-background.png Couchbase.icns";
		};
/* End PBXShellScriptBuildPhase section */

/* Begin PBXSourcesBuildPhase section */
		DA28356513392962009A4AEF /* Sources */ = {
			isa = PBXSourcesBuildPhase;
			buildActionMask = 2147483647;
			files = (
				DA28357B13392962009A4AEF /* main.m in Sources */,
				DA28358113392962009A4AEF /* MembaseAppDelegate.m in Sources */,
				DA61C6D8133AFA770095F5CF /* LoginItemManager.m in Sources */,
			);
			runOnlyForDeploymentPostprocessing = 0;
		};
		DA28358513392962009A4AEF /* Sources */ = {
			isa = PBXSourcesBuildPhase;
			buildActionMask = 2147483647;
			files = (
				DA28359813392962009A4AEF /* MembaseTests.m in Sources */,
			);
			runOnlyForDeploymentPostprocessing = 0;
		};
/* End PBXSourcesBuildPhase section */

/* Begin PBXTargetDependency section */
		DA28358D13392962009A4AEF /* PBXTargetDependency */ = {
			isa = PBXTargetDependency;
			target = DA28356813392962009A4AEF /* Couchbase Server */;
			targetProxy = DA28358C13392962009A4AEF /* PBXContainerItemProxy */;
		};
		DA9BAAA5133D1A620044882F /* PBXTargetDependency */ = {
			isa = PBXTargetDependency;
			target = DA28356813392962009A4AEF /* Couchbase Server */;
			targetProxy = DA9BAAA4133D1A620044882F /* PBXContainerItemProxy */;
		};
/* End PBXTargetDependency section */

/* Begin PBXVariantGroup section */
		DA28357613392962009A4AEF /* InfoPlist.strings */ = {
			isa = PBXVariantGroup;
			children = (
				DA28357713392962009A4AEF /* en */,
			);
			name = InfoPlist.strings;
			sourceTree = "<group>";
		};
		DA28358213392962009A4AEF /* MainMenu.xib */ = {
			isa = PBXVariantGroup;
			children = (
				DA28358313392962009A4AEF /* en */,
			);
			name = MainMenu.xib;
			sourceTree = "<group>";
		};
		DA28359113392962009A4AEF /* InfoPlist.strings */ = {
			isa = PBXVariantGroup;
			children = (
				DA28359213392962009A4AEF /* en */,
			);
			name = InfoPlist.strings;
			sourceTree = "<group>";
		};
/* End PBXVariantGroup section */

/* Begin XCBuildConfiguration section */
		DA28359913392962009A4AEF /* Debug */ = {
			isa = XCBuildConfiguration;
			buildSettings = {
				ARCHS = "$(ARCHS_STANDARD_32_64_BIT)";
				GCC_C_LANGUAGE_STANDARD = gnu99;
				GCC_OPTIMIZATION_LEVEL = 0;
				GCC_PREPROCESSOR_DEFINITIONS = DEBUG;
				GCC_SYMBOLS_PRIVATE_EXTERN = NO;
				GCC_VERSION = com.apple.compilers.llvm.clang.1_0;
				GCC_WARN_64_TO_32_BIT_CONVERSION = YES;
				GCC_WARN_ABOUT_RETURN_TYPE = YES;
				GCC_WARN_UNUSED_VARIABLE = YES;
				MACOSX_DEPLOYMENT_TARGET = 10.6;
				ONLY_ACTIVE_ARCH = YES;
				SDKROOT = macosx;
			};
			name = Debug;
		};
		DA28359A13392962009A4AEF /* Release */ = {
			isa = XCBuildConfiguration;
			buildSettings = {
				ARCHS = "$(ARCHS_STANDARD_32_64_BIT)";
				GCC_C_LANGUAGE_STANDARD = gnu99;
				GCC_VERSION = com.apple.compilers.llvm.clang.1_0;
				GCC_WARN_64_TO_32_BIT_CONVERSION = YES;
				GCC_WARN_ABOUT_RETURN_TYPE = YES;
				GCC_WARN_UNUSED_VARIABLE = YES;
				MACOSX_DEPLOYMENT_TARGET = 10.6;
				SDKROOT = macosx;
			};
			name = Release;
		};
		DA28359C13392962009A4AEF /* Debug */ = {
			isa = XCBuildConfiguration;
			buildSettings = {
				ALWAYS_SEARCH_USER_PATHS = NO;
				COPY_PHASE_STRIP = NO;
				FRAMEWORK_SEARCH_PATHS = (
					"$(inherited)",
					"\"$(SRCROOT)\"",
				);
				GCC_DYNAMIC_NO_PIC = NO;
				GCC_ENABLE_OBJC_EXCEPTIONS = YES;
				GCC_PRECOMPILE_PREFIX_HEADER = YES;
				GCC_PREFIX_HEADER = "Membase/Membase-Prefix.pch";
				INFOPLIST_FILE = "Membase/Membase-Info.plist";
				PRODUCT_NAME = "Couchbase Server";
				WRAPPER_EXTENSION = app;
			};
			name = Debug;
		};
		DA28359D13392962009A4AEF /* Release */ = {
			isa = XCBuildConfiguration;
			buildSettings = {
				ALWAYS_SEARCH_USER_PATHS = NO;
				COPY_PHASE_STRIP = YES;
				DEBUG_INFORMATION_FORMAT = "dwarf-with-dsym";
				FRAMEWORK_SEARCH_PATHS = (
					"$(inherited)",
					"\"$(SRCROOT)\"",
				);
				GCC_ENABLE_OBJC_EXCEPTIONS = YES;
				GCC_PRECOMPILE_PREFIX_HEADER = YES;
				GCC_PREFIX_HEADER = "Membase/Membase-Prefix.pch";
				INFOPLIST_FILE = "Membase/Membase-Info.plist";
				PRODUCT_NAME = "Couchbase Server";
				WRAPPER_EXTENSION = app;
			};
			name = Release;
		};
		DA28359F13392962009A4AEF /* Debug */ = {
			isa = XCBuildConfiguration;
			buildSettings = {
				ALWAYS_SEARCH_USER_PATHS = NO;
				BUNDLE_LOADER = "$(BUILT_PRODUCTS_DIR)/Membase.app/Contents/MacOS/Membase";
				COPY_PHASE_STRIP = NO;
				FRAMEWORK_SEARCH_PATHS = "$(DEVELOPER_LIBRARY_DIR)/Frameworks";
				GCC_DYNAMIC_NO_PIC = NO;
				GCC_ENABLE_OBJC_EXCEPTIONS = YES;
				GCC_PRECOMPILE_PREFIX_HEADER = YES;
				GCC_PREFIX_HEADER = "MembaseTests/MembaseTests-Prefix.pch";
				INFOPLIST_FILE = "MembaseTests/MembaseTests-Info.plist";
				OTHER_LDFLAGS = (
					"-framework",
					SenTestingKit,
				);
				PRODUCT_NAME = "$(TARGET_NAME)";
				TEST_HOST = "$(BUNDLE_LOADER)";
				WRAPPER_EXTENSION = octest;
			};
			name = Debug;
		};
		DA2835A013392962009A4AEF /* Release */ = {
			isa = XCBuildConfiguration;
			buildSettings = {
				ALWAYS_SEARCH_USER_PATHS = NO;
				BUNDLE_LOADER = "$(BUILT_PRODUCTS_DIR)/Membase.app/Contents/MacOS/Membase";
				COPY_PHASE_STRIP = YES;
				DEBUG_INFORMATION_FORMAT = "dwarf-with-dsym";
				FRAMEWORK_SEARCH_PATHS = "$(DEVELOPER_LIBRARY_DIR)/Frameworks";
				GCC_ENABLE_OBJC_EXCEPTIONS = YES;
				GCC_PRECOMPILE_PREFIX_HEADER = YES;
				GCC_PREFIX_HEADER = "MembaseTests/MembaseTests-Prefix.pch";
				INFOPLIST_FILE = "MembaseTests/MembaseTests-Info.plist";
				OTHER_LDFLAGS = (
					"-framework",
					SenTestingKit,
				);
				PRODUCT_NAME = "$(TARGET_NAME)";
				TEST_HOST = "$(BUNDLE_LOADER)";
				WRAPPER_EXTENSION = octest;
			};
			name = Release;
		};
		DA9BAAA0133D1A5D0044882F /* Debug */ = {
			isa = XCBuildConfiguration;
			buildSettings = {
				PRODUCT_NAME = "Couchbase Server Zip";
			};
			name = Debug;
		};
		DA9BAAA1133D1A5D0044882F /* Release */ = {
			isa = XCBuildConfiguration;
			buildSettings = {
				PRODUCT_NAME = "Couchbase Server Zip";
			};
			name = Release;
		};
/* End XCBuildConfiguration section */

/* Begin XCConfigurationList section */
		DA28356313392961009A4AEF /* Build configuration list for PBXProject "Couchbase Server" */ = {
			isa = XCConfigurationList;
			buildConfigurations = (
				DA28359913392962009A4AEF /* Debug */,
				DA28359A13392962009A4AEF /* Release */,
			);
			defaultConfigurationIsVisible = 0;
			defaultConfigurationName = Release;
		};
		DA28359B13392962009A4AEF /* Build configuration list for PBXNativeTarget "Couchbase Server" */ = {
			isa = XCConfigurationList;
			buildConfigurations = (
				DA28359C13392962009A4AEF /* Debug */,
				DA28359D13392962009A4AEF /* Release */,
			);
			defaultConfigurationIsVisible = 0;
			defaultConfigurationName = Release;
		};
		DA28359E13392962009A4AEF /* Build configuration list for PBXNativeTarget "MembaseTests" */ = {
			isa = XCConfigurationList;
			buildConfigurations = (
				DA28359F13392962009A4AEF /* Debug */,
				DA2835A013392962009A4AEF /* Release */,
			);
			defaultConfigurationIsVisible = 0;
			defaultConfigurationName = Release;
		};
		DA9BAAA2133D1A5D0044882F /* Build configuration list for PBXAggregateTarget "Couchbase Server Zip" */ = {
			isa = XCConfigurationList;
			buildConfigurations = (
				DA9BAAA0133D1A5D0044882F /* Debug */,
				DA9BAAA1133D1A5D0044882F /* Release */,
			);
			defaultConfigurationIsVisible = 0;
			defaultConfigurationName = Release;
		};
/* End XCConfigurationList section */
	};
	rootObject = DA28356013392961009A4AEF /* Project object */;
}
